
Microsoft Visual Studio Solution File, Format Version 12.00
# Visual Studio Version 17
VisualStudioVersion = 17.8.34511.84
MinimumVisualStudioVersion = 10.0.40219.1
Project("{FAE04EC0-301F-11D3-BF4B-00C04F79EFBC}") = "Gleggmire Discord Bot", "Gleggmire Discord Bot.csproj", "{FE62AEF1-6648-4DBA-8164-7BF3CA461D96}"
EndProject
Global
	GlobalSection(SolutionConfigurationPlatforms) = preSolution
		Debug|Any CPU = Debug|Any CPU
		Release|Any CPU = Release|Any CPU
	EndGlobalSection
	GlobalSection(ProjectConfigurationPlatforms) = postSolution
		{FE62AEF1-6648-4DBA-8164-7BF3CA461D96}.Debug|Any CPU.ActiveCfg = Debug|Any CPU
		{FE62AEF1-6648-4DBA-8164-7BF3CA461D96}.Debug|Any CPU.Build.0 = Debug|Any CPU
		{FE62AEF1-6648-4DBA-8164-7BF3CA461D96}.Release|Any CPU.ActiveCfg = Release|Any CPU
		{FE62AEF1-6648-4DBA-8164-7BF3CA461D96}.Release|Any CPU.Build.0 = Release|Any CPU
	EndGlobalSection
	GlobalSection(SolutionProperties) = preSolution
		HideSolutionNode = FALSE
	EndGlobalSection
	GlobalSection(ExtensibilityGlobals) = postSolution
		SolutionGuid = {6A1393E3-2984-48B4-9341-A71B71FD3009}
	EndGlobalSection
EndGlobal
